
Microsoft Visual Studio Solution File, Format Version 12.00
# Visual Studio Version 17
VisualStudioVersion = 17.14.36915.13 d17.14
MinimumVisualStudioVersion = 10.0.40219.1
Project("{FAE04EC0-301F-11D3-BF4B-00C04F79EFBC}") = "Class8-Encapsulation", "Class8-Encapsulation\Class8-Encapsulation.csproj", "{5A0F792B-82D2-40C0-B7CF-D784C9E0CBAD}"
EndProject
Global
	GlobalSection(SolutionConfigurationPlatforms) = preSolution
		Debug|Any CPU = Debug|Any CPU
		Release|Any CPU = Release|Any CPU
	EndGlobalSection
	GlobalSection(ProjectConfigurationPlatforms) = postSolution
		{5A0F792B-82D2-40C0-B7CF-D784C9E0CBAD}.Debug|Any CPU.ActiveCfg = Debug|Any CPU
		{5A0F792B-82D2-40C0-B7CF-D784C9E0CBAD}.Debug|Any CPU.Build.0 = Debug|Any CPU
		{5A0F792B-82D2-40C0-B7CF-D784C9E0CBAD}.Release|Any CPU.ActiveCfg = Release|Any CPU
		{5A0F792B-82D2-40C0-B7CF-D784C9E0CBAD}.Release|Any CPU.Build.0 = Release|Any CPU
	EndGlobalSection
	GlobalSection(SolutionProperties) = preSolution
		HideSolutionNode = FALSE
	EndGlobalSection
	GlobalSection(ExtensibilityGlobals) = postSolution
		SolutionGuid = {0FDA6538-5507-4212-B8AD-8C83F26D8F7A}
	EndGlobalSection
EndGlobal
