
Microsoft Visual Studio Solution File, Format Version 12.00
# Visual Studio Version 17
VisualStudioVersion = 17.14.36915.13 d17.14
MinimumVisualStudioVersion = 10.0.40219.1
Project("{FAE04EC0-301F-11D3-BF4B-00C04F79EFBC}") = "Class4-Viewbag", "Class4-Viewbag.csproj", "{C501F4E9-C538-4687-9F34-9D500F1DA0B9}"
EndProject
Global
	GlobalSection(SolutionConfigurationPlatforms) = preSolution
		Debug|Any CPU = Debug|Any CPU
		Release|Any CPU = Release|Any CPU
	EndGlobalSection
	GlobalSection(ProjectConfigurationPlatforms) = postSolution
		{C501F4E9-C538-4687-9F34-9D500F1DA0B9}.Debug|Any CPU.ActiveCfg = Debug|Any CPU
		{C501F4E9-C538-4687-9F34-9D500F1DA0B9}.Debug|Any CPU.Build.0 = Debug|Any CPU
		{C501F4E9-C538-4687-9F34-9D500F1DA0B9}.Release|Any CPU.ActiveCfg = Release|Any CPU
		{C501F4E9-C538-4687-9F34-9D500F1DA0B9}.Release|Any CPU.Build.0 = Release|Any CPU
	EndGlobalSection
	GlobalSection(SolutionProperties) = preSolution
		HideSolutionNode = FALSE
	EndGlobalSection
	GlobalSection(ExtensibilityGlobals) = postSolution
		SolutionGuid = {16F6FA4E-6F0B-4E59-A59C-4984452A130C}
	EndGlobalSection
EndGlobal
