
Microsoft Visual Studio Solution File, Format Version 12.00
# Visual Studio Version 17
VisualStudioVersion = 17.14.36915.13 d17.14
MinimumVisualStudioVersion = 10.0.40219.1
Project("{FAE04EC0-301F-11D3-BF4B-00C04F79EFBC}") = "Class6-PartialView", "Class6-PartialView.csproj", "{9BA2FD69-21CE-4227-A497-2C0F4C483F6C}"
EndProject
Global
	GlobalSection(SolutionConfigurationPlatforms) = preSolution
		Debug|Any CPU = Debug|Any CPU
		Release|Any CPU = Release|Any CPU
	EndGlobalSection
	GlobalSection(ProjectConfigurationPlatforms) = postSolution
		{9BA2FD69-21CE-4227-A497-2C0F4C483F6C}.Debug|Any CPU.ActiveCfg = Debug|Any CPU
		{9BA2FD69-21CE-4227-A497-2C0F4C483F6C}.Debug|Any CPU.Build.0 = Debug|Any CPU
		{9BA2FD69-21CE-4227-A497-2C0F4C483F6C}.Release|Any CPU.ActiveCfg = Release|Any CPU
		{9BA2FD69-21CE-4227-A497-2C0F4C483F6C}.Release|Any CPU.Build.0 = Release|Any CPU
	EndGlobalSection
	GlobalSection(SolutionProperties) = preSolution
		HideSolutionNode = FALSE
	EndGlobalSection
	GlobalSection(ExtensibilityGlobals) = postSolution
		SolutionGuid = {ECD7F08C-610D-482E-B414-5F442BF82C56}
	EndGlobalSection
EndGlobal
