
Microsoft Visual Studio Solution File, Format Version 12.00
# Visual Studio Version 17
VisualStudioVersion = 17.14.36915.13 d17.14
MinimumVisualStudioVersion = 10.0.40219.1
Project("{FAE04EC0-301F-11D3-BF4B-00C04F79EFBC}") = "Class11-Authentication", "Class11-Authentication\Class11-Authentication.csproj", "{13A36DF0-7BA2-4EA7-AED3-ECE756B3E027}"
EndProject
Global
	GlobalSection(SolutionConfigurationPlatforms) = preSolution
		Debug|Any CPU = Debug|Any CPU
		Release|Any CPU = Release|Any CPU
	EndGlobalSection
	GlobalSection(ProjectConfigurationPlatforms) = postSolution
		{13A36DF0-7BA2-4EA7-AED3-ECE756B3E027}.Debug|Any CPU.ActiveCfg = Debug|Any CPU
		{13A36DF0-7BA2-4EA7-AED3-ECE756B3E027}.Debug|Any CPU.Build.0 = Debug|Any CPU
		{13A36DF0-7BA2-4EA7-AED3-ECE756B3E027}.Release|Any CPU.ActiveCfg = Release|Any CPU
		{13A36DF0-7BA2-4EA7-AED3-ECE756B3E027}.Release|Any CPU.Build.0 = Release|Any CPU
	EndGlobalSection
	GlobalSection(SolutionProperties) = preSolution
		HideSolutionNode = FALSE
	EndGlobalSection
	GlobalSection(ExtensibilityGlobals) = postSolution
		SolutionGuid = {B0D7CE68-7479-449F-9EFB-F752719C0C2E}
	EndGlobalSection
EndGlobal
