
Microsoft Visual Studio Solution File, Format Version 12.00
# Visual Studio Version 17
VisualStudioVersion = 17.14.36915.13 d17.14
MinimumVisualStudioVersion = 10.0.40219.1
Project("{FAE04EC0-301F-11D3-BF4B-00C04F79EFBC}") = "Class-08--encapsulation", "Class-08--encapsulation\Class-08--encapsulation.csproj", "{2FE6751B-125A-466F-832F-C1364B8AE0FD}"
EndProject
Global
	GlobalSection(SolutionConfigurationPlatforms) = preSolution
		Debug|Any CPU = Debug|Any CPU
		Release|Any CPU = Release|Any CPU
	EndGlobalSection
	GlobalSection(ProjectConfigurationPlatforms) = postSolution
		{2FE6751B-125A-466F-832F-C1364B8AE0FD}.Debug|Any CPU.ActiveCfg = Debug|Any CPU
		{2FE6751B-125A-466F-832F-C1364B8AE0FD}.Debug|Any CPU.Build.0 = Debug|Any CPU
		{2FE6751B-125A-466F-832F-C1364B8AE0FD}.Release|Any CPU.ActiveCfg = Release|Any CPU
		{2FE6751B-125A-466F-832F-C1364B8AE0FD}.Release|Any CPU.Build.0 = Release|Any CPU
	EndGlobalSection
	GlobalSection(SolutionProperties) = preSolution
		HideSolutionNode = FALSE
	EndGlobalSection
	GlobalSection(ExtensibilityGlobals) = postSolution
		SolutionGuid = {137268FC-9CED-4EC6-B0B3-271B5965BF22}
	EndGlobalSection
EndGlobal
